{
  "originHash" : "cfd68d65ff51bd189b5ec06034ee77603ef8fc2f3a39a6133d62c9d52efb63a8",
  "pins" : [
    {
      "identity" : "swift-collections",
      "kind" : "remoteSourceControl",
      "location" : "https://github.com/apple/swift-collections.git",
      "state" : {
        "revision" : "6675bc0ff86e61436e615df6fc5174e043e57924",
        "version" : "1.4.1"
      }
    }
  ],
  "version" : 3
}
